
Microsoft Visual Studio Solution File, Format Version 12.00
# Visual Studio Version 17
VisualStudioVersion = 17.11.35327.3
MinimumVisualStudioVersion = 10.0.40219.1
Project("{FAE04EC0-301F-11D3-BF4B-00C04F79EFBC}") = "CadParcial2Mevy", "CadParcial2Mevy\CadParcial2Mevy.csproj", "{0CD7616A-9C72-4E26-A2C0-1BC8650D12D1}"
EndProject
Project("{FAE04EC0-301F-11D3-BF4B-00C04F79EFBC}") = "ClnParcial2Mevy", "ClnParcial2Mevy\ClnParcial2Mevy.csproj", "{4607E69B-4E96-4BD6-9E13-782279D2CB9A}"
EndProject
Project("{FAE04EC0-301F-11D3-BF4B-00C04F79EFBC}") = "CpParcial2Mervy", "CpParcial2Mervy\CpParcial2Mervy.csproj", "{EF84B6BF-A673-4088-B6E7-A5DA3F9F59AF}"
EndProject
Global
	GlobalSection(SolutionConfigurationPlatforms) = preSolution
		Debug|Any CPU = Debug|Any CPU
		Release|Any CPU = Release|Any CPU
	EndGlobalSection
	GlobalSection(ProjectConfigurationPlatforms) = postSolution
		{0CD7616A-9C72-4E26-A2C0-1BC8650D12D1}.Debug|Any CPU.ActiveCfg = Debug|Any CPU
		{0CD7616A-9C72-4E26-A2C0-1BC8650D12D1}.Debug|Any CPU.Build.0 = Debug|Any CPU
		{0CD7616A-9C72-4E26-A2C0-1BC8650D12D1}.Release|Any CPU.ActiveCfg = Release|Any CPU
		{0CD7616A-9C72-4E26-A2C0-1BC8650D12D1}.Release|Any CPU.Build.0 = Release|Any CPU
		{4607E69B-4E96-4BD6-9E13-782279D2CB9A}.Debug|Any CPU.ActiveCfg = Debug|Any CPU
		{4607E69B-4E96-4BD6-9E13-782279D2CB9A}.Debug|Any CPU.Build.0 = Debug|Any CPU
		{4607E69B-4E96-4BD6-9E13-782279D2CB9A}.Release|Any CPU.ActiveCfg = Release|Any CPU
		{4607E69B-4E96-4BD6-9E13-782279D2CB9A}.Release|Any CPU.Build.0 = Release|Any CPU
		{EF84B6BF-A673-4088-B6E7-A5DA3F9F59AF}.Debug|Any CPU.ActiveCfg = Debug|Any CPU
		{EF84B6BF-A673-4088-B6E7-A5DA3F9F59AF}.Debug|Any CPU.Build.0 = Debug|Any CPU
		{EF84B6BF-A673-4088-B6E7-A5DA3F9F59AF}.Release|Any CPU.ActiveCfg = Release|Any CPU
		{EF84B6BF-A673-4088-B6E7-A5DA3F9F59AF}.Release|Any CPU.Build.0 = Release|Any CPU
	EndGlobalSection
	GlobalSection(SolutionProperties) = preSolution
		HideSolutionNode = FALSE
	EndGlobalSection
	GlobalSection(ExtensibilityGlobals) = postSolution
		SolutionGuid = {530D32DE-CC0D-4101-A4AC-0D57454725E1}
	EndGlobalSection
EndGlobal
